
Microsoft Visual Studio Solution File, Format Version 12.00
# Visual Studio Version 17
VisualStudioVersion = 17.6.33417.168
MinimumVisualStudioVersion = 10.0.40219.1
Project("{FAE04EC0-301F-11D3-BF4B-00C04F79EFBC}") = "DetleteMe", "DetleteMe.csproj", "{ED80AB95-BE9F-4BE5-92AA-AAF6CF868294}"
EndProject
Project("{FAE04EC0-301F-11D3-BF4B-00C04F79EFBC}") = "xunittestdelete", "..\xunittestdelete\xunittestdelete.csproj", "{BA2666A8-1412-4D48-ADDD-74832EF12295}"
EndProject
Project("{FAE04EC0-301F-11D3-BF4B-00C04F79EFBC}") = "xunittestdete2", "xunittestdete2\xunittestdete2.csproj", "{489DB002-9383-4C40-B70B-FE9DCAECF455}"
EndProject
Global
	GlobalSection(SolutionConfigurationPlatforms) = preSolution
		Debug|Any CPU = Debug|Any CPU
		Release|Any CPU = Release|Any CPU
	EndGlobalSection
	GlobalSection(ProjectConfigurationPlatforms) = postSolution
		{ED80AB95-BE9F-4BE5-92AA-AAF6CF868294}.Debug|Any CPU.ActiveCfg = Debug|Any CPU
		{ED80AB95-BE9F-4BE5-92AA-AAF6CF868294}.Debug|Any CPU.Build.0 = Debug|Any CPU
		{ED80AB95-BE9F-4BE5-92AA-AAF6CF868294}.Release|Any CPU.ActiveCfg = Release|Any CPU
		{ED80AB95-BE9F-4BE5-92AA-AAF6CF868294}.Release|Any CPU.Build.0 = Release|Any CPU
		{BA2666A8-1412-4D48-ADDD-74832EF12295}.Debug|Any CPU.ActiveCfg = Debug|Any CPU
		{BA2666A8-1412-4D48-ADDD-74832EF12295}.Debug|Any CPU.Build.0 = Debug|Any CPU
		{BA2666A8-1412-4D48-ADDD-74832EF12295}.Release|Any CPU.ActiveCfg = Release|Any CPU
		{BA2666A8-1412-4D48-ADDD-74832EF12295}.Release|Any CPU.Build.0 = Release|Any CPU
		{489DB002-9383-4C40-B70B-FE9DCAECF455}.Debug|Any CPU.ActiveCfg = Debug|Any CPU
		{489DB002-9383-4C40-B70B-FE9DCAECF455}.Debug|Any CPU.Build.0 = Debug|Any CPU
		{489DB002-9383-4C40-B70B-FE9DCAECF455}.Release|Any CPU.ActiveCfg = Release|Any CPU
		{489DB002-9383-4C40-B70B-FE9DCAECF455}.Release|Any CPU.Build.0 = Release|Any CPU
	EndGlobalSection
	GlobalSection(SolutionProperties) = preSolution
		HideSolutionNode = FALSE
	EndGlobalSection
	GlobalSection(ExtensibilityGlobals) = postSolution
		SolutionGuid = {F64C9E95-F012-4A4B-A1AC-1E0904647949}
	EndGlobalSection
EndGlobal
